
Microsoft Visual Studio Solution File, Format Version 12.00
# Visual Studio 14
VisualStudioVersion = 14.0.25420.1
MinimumVisualStudioVersion = 10.0.40219.1
Project("{FAE04EC0-301F-11D3-BF4B-00C04F79EFBC}") = "Network", "..\Network\Network.csproj", "{94D09A53-5620-4F2E-887C-3745FCEBE574}"
EndProject
Project("{FAE04EC0-301F-11D3-BF4B-00C04F79EFBC}") = "ToLuaEditor", "..\ToLua\ToLuaEditor.csproj", "{D7DE1180-52EC-4643-8C48-D533AF701C1F}"
EndProject
Project("{FAE04EC0-301F-11D3-BF4B-00C04F79EFBC}") = "UnityDLL", "UnityDLL.csproj", "{321F3224-B683-C1B4-9DE2-B85E70A758A6}"
EndProject
Project("{5697748A-77EF-44CA-8824-4F5637E5945B}") = "LuaScripts", "..\LuaScripts\Lua\LuaScripts.luaproj", "{E439935D-B2A2-46AE-856D-2AA408428F33}"
EndProject
Global
	GlobalSection(SolutionConfigurationPlatforms) = preSolution
		Android_Douyu|Any CPU = Android_Douyu|Any CPU
		Android_Douyu|x64 = Android_Douyu|x64
		Android_Douyu|x86 = Android_Douyu|x86
		Android|Any CPU = Android|Any CPU
		Android|x64 = Android|x64
		Android|x86 = Android|x86
		Debug_Douyu|Any CPU = Debug_Douyu|Any CPU
		Debug_Douyu|x64 = Debug_Douyu|x64
		Debug_Douyu|x86 = Debug_Douyu|x86
		Debug|Any CPU = Debug|Any CPU
		Debug|x64 = Debug|x64
		Debug|x86 = Debug|x86
		IOS_Douyu|Any CPU = IOS_Douyu|Any CPU
		IOS_Douyu|x64 = IOS_Douyu|x64
		IOS_Douyu|x86 = IOS_Douyu|x86
		MobileDebug_Douyu|Any CPU = MobileDebug_Douyu|Any CPU
		MobileDebug_Douyu|x64 = MobileDebug_Douyu|x64
		MobileDebug_Douyu|x86 = MobileDebug_Douyu|x86
		MobileDebug|Any CPU = MobileDebug|Any CPU
		MobileDebug|x64 = MobileDebug|x64
		MobileDebug|x86 = MobileDebug|x86
	EndGlobalSection
	GlobalSection(ProjectConfigurationPlatforms) = postSolution
		{94D09A53-5620-4F2E-887C-3745FCEBE574}.Android_Douyu|Any CPU.ActiveCfg = Android_Douyu|Any CPU
		{94D09A53-5620-4F2E-887C-3745FCEBE574}.Android_Douyu|Any CPU.Build.0 = Android_Douyu|Any CPU
		{94D09A53-5620-4F2E-887C-3745FCEBE574}.Android_Douyu|x64.ActiveCfg = Android_Douyu|x64
		{94D09A53-5620-4F2E-887C-3745FCEBE574}.Android_Douyu|x64.Build.0 = Android_Douyu|x64
		{94D09A53-5620-4F2E-887C-3745FCEBE574}.Android_Douyu|x86.ActiveCfg = Android_Douyu|x86
		{94D09A53-5620-4F2E-887C-3745FCEBE574}.Android_Douyu|x86.Build.0 = Android_Douyu|x86
		{94D09A53-5620-4F2E-887C-3745FCEBE574}.Android|Any CPU.ActiveCfg = Android|Any CPU
		{94D09A53-5620-4F2E-887C-3745FCEBE574}.Android|Any CPU.Build.0 = Android|Any CPU
		{94D09A53-5620-4F2E-887C-3745FCEBE574}.Android|x64.ActiveCfg = Android|x64
		{94D09A53-5620-4F2E-887C-3745FCEBE574}.Android|x64.Build.0 = Android|x64
		{94D09A53-5620-4F2E-887C-3745FCEBE574}.Android|x86.ActiveCfg = Android|x86
		{94D09A53-5620-4F2E-887C-3745FCEBE574}.Android|x86.Build.0 = Android|x86
		{94D09A53-5620-4F2E-887C-3745FCEBE574}.Debug_Douyu|Any CPU.ActiveCfg = Debug_Douyu|Any CPU
		{94D09A53-5620-4F2E-887C-3745FCEBE574}.Debug_Douyu|Any CPU.Build.0 = Debug_Douyu|Any CPU
		{94D09A53-5620-4F2E-887C-3745FCEBE574}.Debug_Douyu|x64.ActiveCfg = Debug_Douyu|x64
		{94D09A53-5620-4F2E-887C-3745FCEBE574}.Debug_Douyu|x64.Build.0 = Debug_Douyu|x64
		{94D09A53-5620-4F2E-887C-3745FCEBE574}.Debug_Douyu|x86.ActiveCfg = Debug_Douyu|x86
		{94D09A53-5620-4F2E-887C-3745FCEBE574}.Debug_Douyu|x86.Build.0 = Debug_Douyu|x86
		{94D09A53-5620-4F2E-887C-3745FCEBE574}.Debug|Any CPU.ActiveCfg = Debug|Any CPU
		{94D09A53-5620-4F2E-887C-3745FCEBE574}.Debug|Any CPU.Build.0 = Debug|Any CPU
		{94D09A53-5620-4F2E-887C-3745FCEBE574}.Debug|x64.ActiveCfg = Debug|x64
		{94D09A53-5620-4F2E-887C-3745FCEBE574}.Debug|x64.Build.0 = Debug|x64
		{94D09A53-5620-4F2E-887C-3745FCEBE574}.Debug|x86.ActiveCfg = Debug|x86
		{94D09A53-5620-4F2E-887C-3745FCEBE574}.Debug|x86.Build.0 = Debug|x86
		{94D09A53-5620-4F2E-887C-3745FCEBE574}.IOS_Douyu|Any CPU.ActiveCfg = IOS_Douyu|Any CPU
		{94D09A53-5620-4F2E-887C-3745FCEBE574}.IOS_Douyu|Any CPU.Build.0 = IOS_Douyu|Any CPU
		{94D09A53-5620-4F2E-887C-3745FCEBE574}.IOS_Douyu|x64.ActiveCfg = Release|x64
		{94D09A53-5620-4F2E-887C-3745FCEBE574}.IOS_Douyu|x64.Build.0 = Release|x64
		{94D09A53-5620-4F2E-887C-3745FCEBE574}.IOS_Douyu|x86.ActiveCfg = Release|x86
		{94D09A53-5620-4F2E-887C-3745FCEBE574}.IOS_Douyu|x86.Build.0 = Release|x86
		{94D09A53-5620-4F2E-887C-3745FCEBE574}.MobileDebug_Douyu|Any CPU.ActiveCfg = MobileDebug_Douyu|Any CPU
		{94D09A53-5620-4F2E-887C-3745FCEBE574}.MobileDebug_Douyu|Any CPU.Build.0 = MobileDebug_Douyu|Any CPU
		{94D09A53-5620-4F2E-887C-3745FCEBE574}.MobileDebug_Douyu|x64.ActiveCfg = MobileDebug_Douyu|x64
		{94D09A53-5620-4F2E-887C-3745FCEBE574}.MobileDebug_Douyu|x64.Build.0 = MobileDebug_Douyu|x64
		{94D09A53-5620-4F2E-887C-3745FCEBE574}.MobileDebug_Douyu|x86.ActiveCfg = MobileDebug_Douyu|x86
		{94D09A53-5620-4F2E-887C-3745FCEBE574}.MobileDebug_Douyu|x86.Build.0 = MobileDebug_Douyu|x86
		{94D09A53-5620-4F2E-887C-3745FCEBE574}.MobileDebug|Any CPU.ActiveCfg = MobileDebug|Any CPU
		{94D09A53-5620-4F2E-887C-3745FCEBE574}.MobileDebug|Any CPU.Build.0 = MobileDebug|Any CPU
		{94D09A53-5620-4F2E-887C-3745FCEBE574}.MobileDebug|x64.ActiveCfg = MobileDebug|x64
		{94D09A53-5620-4F2E-887C-3745FCEBE574}.MobileDebug|x64.Build.0 = MobileDebug|x64
		{94D09A53-5620-4F2E-887C-3745FCEBE574}.MobileDebug|x86.ActiveCfg = MobileDebug|x86
		{94D09A53-5620-4F2E-887C-3745FCEBE574}.MobileDebug|x86.Build.0 = MobileDebug|x86
		{D7DE1180-52EC-4643-8C48-D533AF701C1F}.Android_Douyu|Any CPU.ActiveCfg = Android_Douyu|Any CPU
		{D7DE1180-52EC-4643-8C48-D533AF701C1F}.Android_Douyu|Any CPU.Build.0 = Android_Douyu|Any CPU
		{D7DE1180-52EC-4643-8C48-D533AF701C1F}.Android_Douyu|x64.ActiveCfg = Android_Douyu|x64
		{D7DE1180-52EC-4643-8C48-D533AF701C1F}.Android_Douyu|x64.Build.0 = Android_Douyu|x64
		{D7DE1180-52EC-4643-8C48-D533AF701C1F}.Android_Douyu|x86.ActiveCfg = Android_Douyu|x86
		{D7DE1180-52EC-4643-8C48-D533AF701C1F}.Android_Douyu|x86.Build.0 = Android_Douyu|x86
		{D7DE1180-52EC-4643-8C48-D533AF701C1F}.Android|Any CPU.ActiveCfg = Android|Any CPU
		{D7DE1180-52EC-4643-8C48-D533AF701C1F}.Android|Any CPU.Build.0 = Android|Any CPU
		{D7DE1180-52EC-4643-8C48-D533AF701C1F}.Android|x64.ActiveCfg = Android|x64
		{D7DE1180-52EC-4643-8C48-D533AF701C1F}.Android|x64.Build.0 = Android|x64
		{D7DE1180-52EC-4643-8C48-D533AF701C1F}.Android|x86.ActiveCfg = Android|x86
		{D7DE1180-52EC-4643-8C48-D533AF701C1F}.Android|x86.Build.0 = Android|x86
		{D7DE1180-52EC-4643-8C48-D533AF701C1F}.Debug_Douyu|Any CPU.ActiveCfg = Debug_Douyu|Any CPU
		{D7DE1180-52EC-4643-8C48-D533AF701C1F}.Debug_Douyu|Any CPU.Build.0 = Debug_Douyu|Any CPU
		{D7DE1180-52EC-4643-8C48-D533AF701C1F}.Debug_Douyu|x64.ActiveCfg = Debug_Douyu|x64
		{D7DE1180-52EC-4643-8C48-D533AF701C1F}.Debug_Douyu|x64.Build.0 = Debug_Douyu|x64
		{D7DE1180-52EC-4643-8C48-D533AF701C1F}.Debug_Douyu|x86.ActiveCfg = Debug_Douyu|x86
		{D7DE1180-52EC-4643-8C48-D533AF701C1F}.Debug_Douyu|x86.Build.0 = Debug_Douyu|x86
		{D7DE1180-52EC-4643-8C48-D533AF701C1F}.Debug|Any CPU.ActiveCfg = Debug|Any CPU
		{D7DE1180-52EC-4643-8C48-D533AF701C1F}.Debug|Any CPU.Build.0 = Debug|Any CPU
		{D7DE1180-52EC-4643-8C48-D533AF701C1F}.Debug|x64.ActiveCfg = Debug|x64
		{D7DE1180-52EC-4643-8C48-D533AF701C1F}.Debug|x64.Build.0 = Debug|x64
		{D7DE1180-52EC-4643-8C48-D533AF701C1F}.Debug|x86.ActiveCfg = Debug|x86
		{D7DE1180-52EC-4643-8C48-D533AF701C1F}.Debug|x86.Build.0 = Debug|x86
		{D7DE1180-52EC-4643-8C48-D533AF701C1F}.IOS_Douyu|Any CPU.ActiveCfg = IOS_Douyu|Any CPU
		{D7DE1180-52EC-4643-8C48-D533AF701C1F}.IOS_Douyu|Any CPU.Build.0 = IOS_Douyu|Any CPU
		{D7DE1180-52EC-4643-8C48-D533AF701C1F}.IOS_Douyu|x64.ActiveCfg = Release|x64
		{D7DE1180-52EC-4643-8C48-D533AF701C1F}.IOS_Douyu|x64.Build.0 = Release|x64
		{D7DE1180-52EC-4643-8C48-D533AF701C1F}.IOS_Douyu|x86.ActiveCfg = Release|x86
		{D7DE1180-52EC-4643-8C48-D533AF701C1F}.IOS_Douyu|x86.Build.0 = Release|x86
		{D7DE1180-52EC-4643-8C48-D533AF701C1F}.MobileDebug_Douyu|Any CPU.ActiveCfg = MobileDebug_Douyu|Any CPU
		{D7DE1180-52EC-4643-8C48-D533AF701C1F}.MobileDebug_Douyu|Any CPU.Build.0 = MobileDebug_Douyu|Any CPU
		{D7DE1180-52EC-4643-8C48-D533AF701C1F}.MobileDebug_Douyu|x64.ActiveCfg = MobileDebug_Douyu|x64
		{D7DE1180-52EC-4643-8C48-D533AF701C1F}.MobileDebug_Douyu|x64.Build.0 = MobileDebug_Douyu|x64
		{D7DE1180-52EC-4643-8C48-D533AF701C1F}.MobileDebug_Douyu|x86.ActiveCfg = MobileDebug_Douyu|x86
		{D7DE1180-52EC-4643-8C48-D533AF701C1F}.MobileDebug_Douyu|x86.Build.0 = MobileDebug_Douyu|x86
		{D7DE1180-52EC-4643-8C48-D533AF701C1F}.MobileDebug|Any CPU.ActiveCfg = MobileDebug|Any CPU
		{D7DE1180-52EC-4643-8C48-D533AF701C1F}.MobileDebug|Any CPU.Build.0 = MobileDebug|Any CPU
		{D7DE1180-52EC-4643-8C48-D533AF701C1F}.MobileDebug|x64.ActiveCfg = MobileDebug|x64
		{D7DE1180-52EC-4643-8C48-D533AF701C1F}.MobileDebug|x64.Build.0 = MobileDebug|x64
		{D7DE1180-52EC-4643-8C48-D533AF701C1F}.MobileDebug|x86.ActiveCfg = MobileDebug|x86
		{D7DE1180-52EC-4643-8C48-D533AF701C1F}.MobileDebug|x86.Build.0 = MobileDebug|x86
		{321F3224-B683-C1B4-9DE2-B85E70A758A6}.Android_Douyu|Any CPU.ActiveCfg = Android_Douyu|Any CPU
		{321F3224-B683-C1B4-9DE2-B85E70A758A6}.Android_Douyu|Any CPU.Build.0 = Android_Douyu|Any CPU
		{321F3224-B683-C1B4-9DE2-B85E70A758A6}.Android_Douyu|x64.ActiveCfg = Android_Douyu|Any CPU
		{321F3224-B683-C1B4-9DE2-B85E70A758A6}.Android_Douyu|x64.Build.0 = Android_Douyu|Any CPU
		{321F3224-B683-C1B4-9DE2-B85E70A758A6}.Android_Douyu|x86.ActiveCfg = Android_Douyu|Any CPU
		{321F3224-B683-C1B4-9DE2-B85E70A758A6}.Android_Douyu|x86.Build.0 = Android_Douyu|Any CPU
		{321F3224-B683-C1B4-9DE2-B85E70A758A6}.Android|Any CPU.ActiveCfg = Android|Any CPU
		{321F3224-B683-C1B4-9DE2-B85E70A758A6}.Android|Any CPU.Build.0 = Android|Any CPU
		{321F3224-B683-C1B4-9DE2-B85E70A758A6}.Android|x64.ActiveCfg = Release|Any CPU
		{321F3224-B683-C1B4-9DE2-B85E70A758A6}.Android|x64.Build.0 = Release|Any CPU
		{321F3224-B683-C1B4-9DE2-B85E70A758A6}.Android|x86.ActiveCfg = Release|Any CPU
		{321F3224-B683-C1B4-9DE2-B85E70A758A6}.Android|x86.Build.0 = Release|Any CPU
		{321F3224-B683-C1B4-9DE2-B85E70A758A6}.Debug_Douyu|Any CPU.ActiveCfg = Debug_Douyu|Any CPU
		{321F3224-B683-C1B4-9DE2-B85E70A758A6}.Debug_Douyu|Any CPU.Build.0 = Debug_Douyu|Any CPU
		{321F3224-B683-C1B4-9DE2-B85E70A758A6}.Debug_Douyu|x64.ActiveCfg = Debug_Douyu|Any CPU
		{321F3224-B683-C1B4-9DE2-B85E70A758A6}.Debug_Douyu|x64.Build.0 = Debug_Douyu|Any CPU
		{321F3224-B683-C1B4-9DE2-B85E70A758A6}.Debug_Douyu|x86.ActiveCfg = Debug_Douyu|Any CPU
		{321F3224-B683-C1B4-9DE2-B85E70A758A6}.Debug_Douyu|x86.Build.0 = Debug_Douyu|Any CPU
		{321F3224-B683-C1B4-9DE2-B85E70A758A6}.Debug|Any CPU.ActiveCfg = Debug|Any CPU
		{321F3224-B683-C1B4-9DE2-B85E70A758A6}.Debug|Any CPU.Build.0 = Debug|Any CPU
		{321F3224-B683-C1B4-9DE2-B85E70A758A6}.Debug|x64.ActiveCfg = Debug|Any CPU
		{321F3224-B683-C1B4-9DE2-B85E70A758A6}.Debug|x64.Build.0 = Debug|Any CPU
		{321F3224-B683-C1B4-9DE2-B85E70A758A6}.Debug|x86.ActiveCfg = Debug|Any CPU
		{321F3224-B683-C1B4-9DE2-B85E70A758A6}.Debug|x86.Build.0 = Debug|Any CPU
		{321F3224-B683-C1B4-9DE2-B85E70A758A6}.IOS_Douyu|Any CPU.ActiveCfg = IOS_Douyu|Any CPU
		{321F3224-B683-C1B4-9DE2-B85E70A758A6}.IOS_Douyu|Any CPU.Build.0 = IOS_Douyu|Any CPU
		{321F3224-B683-C1B4-9DE2-B85E70A758A6}.IOS_Douyu|x64.ActiveCfg = IOS_Douyu|Any CPU
		{321F3224-B683-C1B4-9DE2-B85E70A758A6}.IOS_Douyu|x64.Build.0 = IOS_Douyu|Any CPU
		{321F3224-B683-C1B4-9DE2-B85E70A758A6}.IOS_Douyu|x86.ActiveCfg = IOS_Douyu|Any CPU
		{321F3224-B683-C1B4-9DE2-B85E70A758A6}.IOS_Douyu|x86.Build.0 = IOS_Douyu|Any CPU
		{321F3224-B683-C1B4-9DE2-B85E70A758A6}.MobileDebug_Douyu|Any CPU.ActiveCfg = MobileDebug_Douyu|Any CPU
		{321F3224-B683-C1B4-9DE2-B85E70A758A6}.MobileDebug_Douyu|Any CPU.Build.0 = MobileDebug_Douyu|Any CPU
		{321F3224-B683-C1B4-9DE2-B85E70A758A6}.MobileDebug_Douyu|x64.ActiveCfg = MobileDebug_Douyu|Any CPU
		{321F3224-B683-C1B4-9DE2-B85E70A758A6}.MobileDebug_Douyu|x64.Build.0 = MobileDebug_Douyu|Any CPU
		{321F3224-B683-C1B4-9DE2-B85E70A758A6}.MobileDebug_Douyu|x86.ActiveCfg = MobileDebug_Douyu|Any CPU
		{321F3224-B683-C1B4-9DE2-B85E70A758A6}.MobileDebug_Douyu|x86.Build.0 = MobileDebug_Douyu|Any CPU
		{321F3224-B683-C1B4-9DE2-B85E70A758A6}.MobileDebug|Any CPU.ActiveCfg = MobileDebug|Any CPU
		{321F3224-B683-C1B4-9DE2-B85E70A758A6}.MobileDebug|Any CPU.Build.0 = MobileDebug|Any CPU
		{321F3224-B683-C1B4-9DE2-B85E70A758A6}.MobileDebug|x64.ActiveCfg = MobileDebug|Any CPU
		{321F3224-B683-C1B4-9DE2-B85E70A758A6}.MobileDebug|x64.Build.0 = MobileDebug|Any CPU
		{321F3224-B683-C1B4-9DE2-B85E70A758A6}.MobileDebug|x86.ActiveCfg = MobileDebug|Any CPU
		{321F3224-B683-C1B4-9DE2-B85E70A758A6}.MobileDebug|x86.Build.0 = MobileDebug|Any CPU
		{E439935D-B2A2-46AE-856D-2AA408428F33}.Android_Douyu|Any CPU.ActiveCfg = Android_Douyu|Any CPU
		{E439935D-B2A2-46AE-856D-2AA408428F33}.Android_Douyu|Any CPU.Build.0 = Android_Douyu|Any CPU
		{E439935D-B2A2-46AE-856D-2AA408428F33}.Android_Douyu|x64.ActiveCfg = Android_Douyu|Any CPU
		{E439935D-B2A2-46AE-856D-2AA408428F33}.Android_Douyu|x64.Build.0 = Android_Douyu|Any CPU
		{E439935D-B2A2-46AE-856D-2AA408428F33}.Android_Douyu|x86.ActiveCfg = Android_Douyu|Any CPU
		{E439935D-B2A2-46AE-856D-2AA408428F33}.Android_Douyu|x86.Build.0 = Android_Douyu|Any CPU
		{E439935D-B2A2-46AE-856D-2AA408428F33}.Android|Any CPU.ActiveCfg = Release|Any CPU
		{E439935D-B2A2-46AE-856D-2AA408428F33}.Android|Any CPU.Build.0 = Release|Any CPU
		{E439935D-B2A2-46AE-856D-2AA408428F33}.Android|x64.ActiveCfg = Release|Any CPU
		{E439935D-B2A2-46AE-856D-2AA408428F33}.Android|x64.Build.0 = Release|Any CPU
		{E439935D-B2A2-46AE-856D-2AA408428F33}.Android|x86.ActiveCfg = Release|Any CPU
		{E439935D-B2A2-46AE-856D-2AA408428F33}.Android|x86.Build.0 = Release|Any CPU
		{E439935D-B2A2-46AE-856D-2AA408428F33}.Debug_Douyu|Any CPU.ActiveCfg = Debug_Douyu|Any CPU
		{E439935D-B2A2-46AE-856D-2AA408428F33}.Debug_Douyu|Any CPU.Build.0 = Debug_Douyu|Any CPU
		{E439935D-B2A2-46AE-856D-2AA408428F33}.Debug_Douyu|x64.ActiveCfg = Debug_Douyu|Any CPU
		{E439935D-B2A2-46AE-856D-2AA408428F33}.Debug_Douyu|x64.Build.0 = Debug_Douyu|Any CPU
		{E439935D-B2A2-46AE-856D-2AA408428F33}.Debug_Douyu|x86.ActiveCfg = Debug_Douyu|Any CPU
		{E439935D-B2A2-46AE-856D-2AA408428F33}.Debug_Douyu|x86.Build.0 = Debug_Douyu|Any CPU
		{E439935D-B2A2-46AE-856D-2AA408428F33}.Debug|Any CPU.ActiveCfg = Debug|Any CPU
		{E439935D-B2A2-46AE-856D-2AA408428F33}.Debug|Any CPU.Build.0 = Debug|Any CPU
		{E439935D-B2A2-46AE-856D-2AA408428F33}.Debug|x64.ActiveCfg = Debug|Any CPU
		{E439935D-B2A2-46AE-856D-2AA408428F33}.Debug|x64.Build.0 = Debug|Any CPU
		{E439935D-B2A2-46AE-856D-2AA408428F33}.Debug|x86.ActiveCfg = Debug|Any CPU
		{E439935D-B2A2-46AE-856D-2AA408428F33}.Debug|x86.Build.0 = Debug|Any CPU
		{E439935D-B2A2-46AE-856D-2AA408428F33}.IOS_Douyu|Any CPU.ActiveCfg = MobileDebug|Any CPU
		{E439935D-B2A2-46AE-856D-2AA408428F33}.IOS_Douyu|Any CPU.Build.0 = MobileDebug|Any CPU
		{E439935D-B2A2-46AE-856D-2AA408428F33}.IOS_Douyu|x64.ActiveCfg = MobileDebug|Any CPU
		{E439935D-B2A2-46AE-856D-2AA408428F33}.IOS_Douyu|x64.Build.0 = MobileDebug|Any CPU
		{E439935D-B2A2-46AE-856D-2AA408428F33}.IOS_Douyu|x86.ActiveCfg = MobileDebug|Any CPU
		{E439935D-B2A2-46AE-856D-2AA408428F33}.IOS_Douyu|x86.Build.0 = MobileDebug|Any CPU
		{E439935D-B2A2-46AE-856D-2AA408428F33}.MobileDebug_Douyu|Any CPU.ActiveCfg = MobileDebug_Douyu|Any CPU
		{E439935D-B2A2-46AE-856D-2AA408428F33}.MobileDebug_Douyu|Any CPU.Build.0 = MobileDebug_Douyu|Any CPU
		{E439935D-B2A2-46AE-856D-2AA408428F33}.MobileDebug_Douyu|x64.ActiveCfg = MobileDebug_Douyu|Any CPU
		{E439935D-B2A2-46AE-856D-2AA408428F33}.MobileDebug_Douyu|x64.Build.0 = MobileDebug_Douyu|Any CPU
		{E439935D-B2A2-46AE-856D-2AA408428F33}.MobileDebug_Douyu|x86.ActiveCfg = MobileDebug_Douyu|Any CPU
		{E439935D-B2A2-46AE-856D-2AA408428F33}.MobileDebug_Douyu|x86.Build.0 = MobileDebug_Douyu|Any CPU
		{E439935D-B2A2-46AE-856D-2AA408428F33}.MobileDebug|Any CPU.ActiveCfg = MobileDebug|Any CPU
		{E439935D-B2A2-46AE-856D-2AA408428F33}.MobileDebug|Any CPU.Build.0 = MobileDebug|Any CPU
		{E439935D-B2A2-46AE-856D-2AA408428F33}.MobileDebug|x64.ActiveCfg = MobileDebug|Any CPU
		{E439935D-B2A2-46AE-856D-2AA408428F33}.MobileDebug|x64.Build.0 = MobileDebug|Any CPU
		{E439935D-B2A2-46AE-856D-2AA408428F33}.MobileDebug|x86.ActiveCfg = MobileDebug|Any CPU
		{E439935D-B2A2-46AE-856D-2AA408428F33}.MobileDebug|x86.Build.0 = MobileDebug|Any CPU
	EndGlobalSection
	GlobalSection(SolutionProperties) = preSolution
		HideSolutionNode = FALSE
	EndGlobalSection
EndGlobal
